
Microsoft Visual Studio Solution File, Format Version 12.00
# Visual Studio Version 16
VisualStudioVersion = 16.0.30804.86
MinimumVisualStudioVersion = 10.0.40219.1
Project("{FAE04EC0-301F-11D3-BF4B-00C04F79EFBC}") = "Mark_Maglio_Ore4ai", "Mark_Maglio_Ore4ai\Mark_Maglio_Ore4ai.csproj", "{46D52A9C-752F-4CB7-9D51-82C2F81B809C}"
EndProject
Global
	GlobalSection(SolutionConfigurationPlatforms) = preSolution
		Debug|Any CPU = Debug|Any CPU
		Release|Any CPU = Release|Any CPU
	EndGlobalSection
	GlobalSection(ProjectConfigurationPlatforms) = postSolution
		{46D52A9C-752F-4CB7-9D51-82C2F81B809C}.Debug|Any CPU.ActiveCfg = Debug|Any CPU
		{46D52A9C-752F-4CB7-9D51-82C2F81B809C}.Debug|Any CPU.Build.0 = Debug|Any CPU
		{46D52A9C-752F-4CB7-9D51-82C2F81B809C}.Release|Any CPU.ActiveCfg = Release|Any CPU
		{46D52A9C-752F-4CB7-9D51-82C2F81B809C}.Release|Any CPU.Build.0 = Release|Any CPU
	EndGlobalSection
	GlobalSection(SolutionProperties) = preSolution
		HideSolutionNode = FALSE
	EndGlobalSection
	GlobalSection(ExtensibilityGlobals) = postSolution
		SolutionGuid = {EBB7BAFA-8DC1-4012-8EFA-3A460FF1EB3A}
	EndGlobalSection
EndGlobal
